
Microsoft Visual Studio Solution File, Format Version 12.00
# Visual Studio Version 16
VisualStudioVersion = 16.0.31112.23
MinimumVisualStudioVersion = 10.0.40219.1
Project("{2150E333-8FDC-42A3-9474-1A3956D46DE8}") = "ShopManagement", "ShopManagement", "{3F416313-12BD-42DE-B752-8919C80ED3A5}"
EndProject
Project("{2150E333-8FDC-42A3-9474-1A3956D46DE8}") = "SM.Domain", "SM.Domain", "{4FF3640F-8EBC-497F-81B8-55225D50AEF6}"
EndProject
Project("{9A19103F-16F7-4668-BE54-9A1E7A4F7556}") = "ShopManagement.Domain", "ShopManagement.Domain\ShopManagement.Domain.csproj", "{D6721DCF-7DBD-406D-889C-6C29D3597483}"
EndProject
Project("{9A19103F-16F7-4668-BE54-9A1E7A4F7556}") = "0_Framework", "0_Framework\0_Framework.csproj", "{401B2874-08D6-4DB1-8AA3-FEF97CBAA636}"
EndProject
Project("{2150E333-8FDC-42A3-9474-1A3956D46DE8}") = "SM.Application", "SM.Application", "{F41F82C5-309C-4E88-A9B4-6F5499398EAE}"
EndProject
Project("{9A19103F-16F7-4668-BE54-9A1E7A4F7556}") = "ShopManagement.Application.Contracts", "Shopmanagement.Application.Contracts\ShopManagement.Application.Contracts.csproj", "{A30C9D21-A591-4204-A28E-EB82101B3886}"
EndProject
Project("{9A19103F-16F7-4668-BE54-9A1E7A4F7556}") = "ShopManagement.Application", "ShopManagement.Application\ShopManagement.Application.csproj", "{FD22C9E1-273F-4753-9DF1-06D4EFD934DB}"
EndProject
Project("{2150E333-8FDC-42A3-9474-1A3956D46DE8}") = "SM.Infrastructure", "SM.Infrastructure", "{9264974D-24D5-4C43-95BA-3DE259CDD68F}"
EndProject
Project("{9A19103F-16F7-4668-BE54-9A1E7A4F7556}") = "ShopManagement.Infrastructure.EFCore", "ShopManagement.Infrastructure.EFCore\ShopManagement.Infrastructure.EFCore.csproj", "{99E6D677-AB4D-4646-9F7D-F21C9194BB6A}"
EndProject
Project("{9A19103F-16F7-4668-BE54-9A1E7A4F7556}") = "ShopManagement.Configuration", "ShopManagement.Configuration\ShopManagement.Configuration.csproj", "{5F58E0C7-CCF6-405B-B005-1399D0726F76}"
EndProject
Project("{9A19103F-16F7-4668-BE54-9A1E7A4F7556}") = "ServiceHost", "ServiceHost\ServiceHost.csproj", "{8B495C86-4B73-4B92-935F-AFC0DEE4C63F}"
EndProject
Project("{FAE04EC0-301F-11D3-BF4B-00C04F79EFBC}") = "01_LampshadeQuery", "01_LampshadeQuery\01_LampshadeQuery.csproj", "{FB78C4B1-36B4-4C5F-9D05-00CFFE94E995}"
EndProject
Project("{2150E333-8FDC-42A3-9474-1A3956D46DE8}") = "DiscountManagement", "DiscountManagement", "{4EBBA66A-1B8B-4835-8D55-1013F4D28969}"
EndProject
Project("{2150E333-8FDC-42A3-9474-1A3956D46DE8}") = "DM.Domain", "DM.Domain", "{6A778E81-392B-40D9-9E20-81A916A069AD}"
EndProject
Project("{FAE04EC0-301F-11D3-BF4B-00C04F79EFBC}") = "DiscountManagement.Domain", "DiscountManagement.Domain\DiscountManagement.Domain.csproj", "{9111854C-7843-4E9D-8342-D2E10867E858}"
EndProject
Project("{2150E333-8FDC-42A3-9474-1A3956D46DE8}") = "DM.Application", "DM.Application", "{4C7A6484-C9D9-4699-BD89-0E907A4EA581}"
EndProject
Project("{FAE04EC0-301F-11D3-BF4B-00C04F79EFBC}") = "DiscountManagement.Application.Contract", "DiscountManagement.Application.Contract\DiscountManagement.Application.Contract.csproj", "{695A574B-C254-48EE-8EE7-05D4D8C87C75}"
EndProject
Project("{FAE04EC0-301F-11D3-BF4B-00C04F79EFBC}") = "DiscountManagement.Application", "DiscountManagement.Application\DiscountManagement.Application.csproj", "{977FF373-8226-4AA0-89D2-F3E9DE189AC4}"
EndProject
Project("{2150E333-8FDC-42A3-9474-1A3956D46DE8}") = "DM.Infrastucture", "DM.Infrastucture", "{B9D7ED1D-C574-4898-B5D7-46877A3E4FA3}"
EndProject
Project("{FAE04EC0-301F-11D3-BF4B-00C04F79EFBC}") = "DiscountManagement.Infrastructure.EFCore", "DiscountManagement.Infrastructure.EFCore\DiscountManagement.Infrastructure.EFCore.csproj", "{16547040-EC47-478F-927F-27A6625B875A}"
EndProject
Project("{FAE04EC0-301F-11D3-BF4B-00C04F79EFBC}") = "DiscountManagement.Configuration", "DiscountManagement.Configuration\DiscountManagement.Configuration.csproj", "{46B7D262-E596-4912-9DF1-BE5CFF15382A}"
EndProject
Project("{2150E333-8FDC-42A3-9474-1A3956D46DE8}") = "InventoryManagement", "InventoryManagement", "{8715964A-070D-490D-BF28-8D6BAFF40335}"
EndProject
Project("{2150E333-8FDC-42A3-9474-1A3956D46DE8}") = "IM.Domain", "IM.Domain", "{78784F41-7489-455E-8568-64A7EEB67590}"
EndProject
Project("{FAE04EC0-301F-11D3-BF4B-00C04F79EFBC}") = "InventoryManagement.Domain", "InventoryManagement.Domain\InventoryManagement.Domain.csproj", "{0BA2CF29-9229-4F1D-9575-B270A17D3A80}"
EndProject
Project("{2150E333-8FDC-42A3-9474-1A3956D46DE8}") = "IM.Application", "IM.Application", "{F953DD08-3F23-4DAB-AD0C-B5295DF36B83}"
EndProject
Project("{FAE04EC0-301F-11D3-BF4B-00C04F79EFBC}") = "InventoryManagement.Application.Contract", "InventoryManagement.Applcation.Contract\InventoryManagement.Application.Contract.csproj", "{B0242F55-679D-4FC3-8B77-268EA84FEA2C}"
EndProject
Global
	GlobalSection(SolutionConfigurationPlatforms) = preSolution
		Debug|Any CPU = Debug|Any CPU
		Release|Any CPU = Release|Any CPU
	EndGlobalSection
	GlobalSection(ProjectConfigurationPlatforms) = postSolution
		{D6721DCF-7DBD-406D-889C-6C29D3597483}.Debug|Any CPU.ActiveCfg = Debug|Any CPU
		{D6721DCF-7DBD-406D-889C-6C29D3597483}.Debug|Any CPU.Build.0 = Debug|Any CPU
		{D6721DCF-7DBD-406D-889C-6C29D3597483}.Release|Any CPU.ActiveCfg = Release|Any CPU
		{D6721DCF-7DBD-406D-889C-6C29D3597483}.Release|Any CPU.Build.0 = Release|Any CPU
		{401B2874-08D6-4DB1-8AA3-FEF97CBAA636}.Debug|Any CPU.ActiveCfg = Debug|Any CPU
		{401B2874-08D6-4DB1-8AA3-FEF97CBAA636}.Debug|Any CPU.Build.0 = Debug|Any CPU
		{401B2874-08D6-4DB1-8AA3-FEF97CBAA636}.Release|Any CPU.ActiveCfg = Release|Any CPU
		{401B2874-08D6-4DB1-8AA3-FEF97CBAA636}.Release|Any CPU.Build.0 = Release|Any CPU
		{A30C9D21-A591-4204-A28E-EB82101B3886}.Debug|Any CPU.ActiveCfg = Debug|Any CPU
		{A30C9D21-A591-4204-A28E-EB82101B3886}.Debug|Any CPU.Build.0 = Debug|Any CPU
		{A30C9D21-A591-4204-A28E-EB82101B3886}.Release|Any CPU.ActiveCfg = Release|Any CPU
		{A30C9D21-A591-4204-A28E-EB82101B3886}.Release|Any CPU.Build.0 = Release|Any CPU
		{FD22C9E1-273F-4753-9DF1-06D4EFD934DB}.Debug|Any CPU.ActiveCfg = Debug|Any CPU
		{FD22C9E1-273F-4753-9DF1-06D4EFD934DB}.Debug|Any CPU.Build.0 = Debug|Any CPU
		{FD22C9E1-273F-4753-9DF1-06D4EFD934DB}.Release|Any CPU.ActiveCfg = Release|Any CPU
		{FD22C9E1-273F-4753-9DF1-06D4EFD934DB}.Release|Any CPU.Build.0 = Release|Any CPU
		{99E6D677-AB4D-4646-9F7D-F21C9194BB6A}.Debug|Any CPU.ActiveCfg = Debug|Any CPU
		{99E6D677-AB4D-4646-9F7D-F21C9194BB6A}.Debug|Any CPU.Build.0 = Debug|Any CPU
		{99E6D677-AB4D-4646-9F7D-F21C9194BB6A}.Release|Any CPU.ActiveCfg = Release|Any CPU
		{99E6D677-AB4D-4646-9F7D-F21C9194BB6A}.Release|Any CPU.Build.0 = Release|Any CPU
		{5F58E0C7-CCF6-405B-B005-1399D0726F76}.Debug|Any CPU.ActiveCfg = Debug|Any CPU
		{5F58E0C7-CCF6-405B-B005-1399D0726F76}.Debug|Any CPU.Build.0 = Debug|Any CPU
		{5F58E0C7-CCF6-405B-B005-1399D0726F76}.Release|Any CPU.ActiveCfg = Release|Any CPU
		{5F58E0C7-CCF6-405B-B005-1399D0726F76}.Release|Any CPU.Build.0 = Release|Any CPU
		{8B495C86-4B73-4B92-935F-AFC0DEE4C63F}.Debug|Any CPU.ActiveCfg = Debug|Any CPU
		{8B495C86-4B73-4B92-935F-AFC0DEE4C63F}.Debug|Any CPU.Build.0 = Debug|Any CPU
		{8B495C86-4B73-4B92-935F-AFC0DEE4C63F}.Release|Any CPU.ActiveCfg = Release|Any CPU
		{8B495C86-4B73-4B92-935F-AFC0DEE4C63F}.Release|Any CPU.Build.0 = Release|Any CPU
		{FB78C4B1-36B4-4C5F-9D05-00CFFE94E995}.Debug|Any CPU.ActiveCfg = Debug|Any CPU
		{FB78C4B1-36B4-4C5F-9D05-00CFFE94E995}.Debug|Any CPU.Build.0 = Debug|Any CPU
		{FB78C4B1-36B4-4C5F-9D05-00CFFE94E995}.Release|Any CPU.ActiveCfg = Release|Any CPU
		{FB78C4B1-36B4-4C5F-9D05-00CFFE94E995}.Release|Any CPU.Build.0 = Release|Any CPU
		{9111854C-7843-4E9D-8342-D2E10867E858}.Debug|Any CPU.ActiveCfg = Debug|Any CPU
		{9111854C-7843-4E9D-8342-D2E10867E858}.Debug|Any CPU.Build.0 = Debug|Any CPU
		{9111854C-7843-4E9D-8342-D2E10867E858}.Release|Any CPU.ActiveCfg = Release|Any CPU
		{9111854C-7843-4E9D-8342-D2E10867E858}.Release|Any CPU.Build.0 = Release|Any CPU
		{695A574B-C254-48EE-8EE7-05D4D8C87C75}.Debug|Any CPU.ActiveCfg = Debug|Any CPU
		{695A574B-C254-48EE-8EE7-05D4D8C87C75}.Debug|Any CPU.Build.0 = Debug|Any CPU
		{695A574B-C254-48EE-8EE7-05D4D8C87C75}.Release|Any CPU.ActiveCfg = Release|Any CPU
		{695A574B-C254-48EE-8EE7-05D4D8C87C75}.Release|Any CPU.Build.0 = Release|Any CPU
		{977FF373-8226-4AA0-89D2-F3E9DE189AC4}.Debug|Any CPU.ActiveCfg = Debug|Any CPU
		{977FF373-8226-4AA0-89D2-F3E9DE189AC4}.Debug|Any CPU.Build.0 = Debug|Any CPU
		{977FF373-8226-4AA0-89D2-F3E9DE189AC4}.Release|Any CPU.ActiveCfg = Release|Any CPU
		{977FF373-8226-4AA0-89D2-F3E9DE189AC4}.Release|Any CPU.Build.0 = Release|Any CPU
		{16547040-EC47-478F-927F-27A6625B875A}.Debug|Any CPU.ActiveCfg = Debug|Any CPU
		{16547040-EC47-478F-927F-27A6625B875A}.Debug|Any CPU.Build.0 = Debug|Any CPU
		{16547040-EC47-478F-927F-27A6625B875A}.Release|Any CPU.ActiveCfg = Release|Any CPU
		{16547040-EC47-478F-927F-27A6625B875A}.Release|Any CPU.Build.0 = Release|Any CPU
		{46B7D262-E596-4912-9DF1-BE5CFF15382A}.Debug|Any CPU.ActiveCfg = Debug|Any CPU
		{46B7D262-E596-4912-9DF1-BE5CFF15382A}.Debug|Any CPU.Build.0 = Debug|Any CPU
		{46B7D262-E596-4912-9DF1-BE5CFF15382A}.Release|Any CPU.ActiveCfg = Release|Any CPU
		{46B7D262-E596-4912-9DF1-BE5CFF15382A}.Release|Any CPU.Build.0 = Release|Any CPU
		{0BA2CF29-9229-4F1D-9575-B270A17D3A80}.Debug|Any CPU.ActiveCfg = Debug|Any CPU
		{0BA2CF29-9229-4F1D-9575-B270A17D3A80}.Debug|Any CPU.Build.0 = Debug|Any CPU
		{0BA2CF29-9229-4F1D-9575-B270A17D3A80}.Release|Any CPU.ActiveCfg = Release|Any CPU
		{0BA2CF29-9229-4F1D-9575-B270A17D3A80}.Release|Any CPU.Build.0 = Release|Any CPU
		{B0242F55-679D-4FC3-8B77-268EA84FEA2C}.Debug|Any CPU.ActiveCfg = Debug|Any CPU
		{B0242F55-679D-4FC3-8B77-268EA84FEA2C}.Debug|Any CPU.Build.0 = Debug|Any CPU
		{B0242F55-679D-4FC3-8B77-268EA84FEA2C}.Release|Any CPU.ActiveCfg = Release|Any CPU
		{B0242F55-679D-4FC3-8B77-268EA84FEA2C}.Release|Any CPU.Build.0 = Release|Any CPU
	EndGlobalSection
	GlobalSection(SolutionProperties) = preSolution
		HideSolutionNode = FALSE
	EndGlobalSection
	GlobalSection(NestedProjects) = preSolution
		{4FF3640F-8EBC-497F-81B8-55225D50AEF6} = {3F416313-12BD-42DE-B752-8919C80ED3A5}
		{D6721DCF-7DBD-406D-889C-6C29D3597483} = {4FF3640F-8EBC-497F-81B8-55225D50AEF6}
		{F41F82C5-309C-4E88-A9B4-6F5499398EAE} = {3F416313-12BD-42DE-B752-8919C80ED3A5}
		{A30C9D21-A591-4204-A28E-EB82101B3886} = {F41F82C5-309C-4E88-A9B4-6F5499398EAE}
		{FD22C9E1-273F-4753-9DF1-06D4EFD934DB} = {F41F82C5-309C-4E88-A9B4-6F5499398EAE}
		{9264974D-24D5-4C43-95BA-3DE259CDD68F} = {3F416313-12BD-42DE-B752-8919C80ED3A5}
		{99E6D677-AB4D-4646-9F7D-F21C9194BB6A} = {9264974D-24D5-4C43-95BA-3DE259CDD68F}
		{5F58E0C7-CCF6-405B-B005-1399D0726F76} = {9264974D-24D5-4C43-95BA-3DE259CDD68F}
		{6A778E81-392B-40D9-9E20-81A916A069AD} = {4EBBA66A-1B8B-4835-8D55-1013F4D28969}
		{9111854C-7843-4E9D-8342-D2E10867E858} = {6A778E81-392B-40D9-9E20-81A916A069AD}
		{4C7A6484-C9D9-4699-BD89-0E907A4EA581} = {4EBBA66A-1B8B-4835-8D55-1013F4D28969}
		{695A574B-C254-48EE-8EE7-05D4D8C87C75} = {4C7A6484-C9D9-4699-BD89-0E907A4EA581}
		{977FF373-8226-4AA0-89D2-F3E9DE189AC4} = {4C7A6484-C9D9-4699-BD89-0E907A4EA581}
		{B9D7ED1D-C574-4898-B5D7-46877A3E4FA3} = {4EBBA66A-1B8B-4835-8D55-1013F4D28969}
		{16547040-EC47-478F-927F-27A6625B875A} = {B9D7ED1D-C574-4898-B5D7-46877A3E4FA3}
		{46B7D262-E596-4912-9DF1-BE5CFF15382A} = {B9D7ED1D-C574-4898-B5D7-46877A3E4FA3}
		{78784F41-7489-455E-8568-64A7EEB67590} = {8715964A-070D-490D-BF28-8D6BAFF40335}
		{0BA2CF29-9229-4F1D-9575-B270A17D3A80} = {78784F41-7489-455E-8568-64A7EEB67590}
		{F953DD08-3F23-4DAB-AD0C-B5295DF36B83} = {8715964A-070D-490D-BF28-8D6BAFF40335}
		{B0242F55-679D-4FC3-8B77-268EA84FEA2C} = {F953DD08-3F23-4DAB-AD0C-B5295DF36B83}
	EndGlobalSection
	GlobalSection(ExtensibilityGlobals) = postSolution
		SolutionGuid = {C9FBB646-4F14-4ECB-8681-0297B37DE4F4}
	EndGlobalSection
EndGlobal
