
Microsoft Visual Studio Solution File, Format Version 12.00
# Visual Studio Version 16
VisualStudioVersion = 16.0.31112.23
MinimumVisualStudioVersion = 10.0.40219.1
Project("{2150E333-8FDC-42A3-9474-1A3956D46DE8}") = "ShopManagement", "ShopManagement", "{3F416313-12BD-42DE-B752-8919C80ED3A5}"
EndProject
Project("{2150E333-8FDC-42A3-9474-1A3956D46DE8}") = "SM.Domain", "SM.Domain", "{4FF3640F-8EBC-497F-81B8-55225D50AEF6}"
EndProject
Project("{9A19103F-16F7-4668-BE54-9A1E7A4F7556}") = "ShopManagement.Domain", "ShopManagement.Domain\ShopManagement.Domain.csproj", "{D6721DCF-7DBD-406D-889C-6C29D3597483}"
EndProject
Project("{9A19103F-16F7-4668-BE54-9A1E7A4F7556}") = "0_Framework", "0_Framework\0_Framework.csproj", "{401B2874-08D6-4DB1-8AA3-FEF97CBAA636}"
EndProject
Project("{2150E333-8FDC-42A3-9474-1A3956D46DE8}") = "SM.Application", "SM.Application", "{F41F82C5-309C-4E88-A9B4-6F5499398EAE}"
EndProject
Project("{9A19103F-16F7-4668-BE54-9A1E7A4F7556}") = "ShopManagement.Application.Contracts", "Shopmanagement.Application.Contracts\ShopManagement.Application.Contracts.csproj", "{A30C9D21-A591-4204-A28E-EB82101B3886}"
EndProject
Project("{9A19103F-16F7-4668-BE54-9A1E7A4F7556}") = "ShopManagement.Application", "ShopManagement.Application\ShopManagement.Application.csproj", "{FD22C9E1-273F-4753-9DF1-06D4EFD934DB}"
EndProject
Project("{2150E333-8FDC-42A3-9474-1A3956D46DE8}") = "SM.Infrastructure", "SM.Infrastructure", "{9264974D-24D5-4C43-95BA-3DE259CDD68F}"
EndProject
Project("{9A19103F-16F7-4668-BE54-9A1E7A4F7556}") = "ShopManagement.Infrastructure.EFCore", "ShopManagement.Infrastructure.EFCore\ShopManagement.Infrastructure.EFCore.csproj", "{99E6D677-AB4D-4646-9F7D-F21C9194BB6A}"
EndProject
Project("{9A19103F-16F7-4668-BE54-9A1E7A4F7556}") = "ShopManagement.Configuration", "ShopManagement.Configuration\ShopManagement.Configuration.csproj", "{5F58E0C7-CCF6-405B-B005-1399D0726F76}"
EndProject
Project("{9A19103F-16F7-4668-BE54-9A1E7A4F7556}") = "ServiceHost", "ServiceHost\ServiceHost.csproj", "{8B495C86-4B73-4B92-935F-AFC0DEE4C63F}"
EndProject
Project("{9A19103F-16F7-4668-BE54-9A1E7A4F7556}") = "01_LampshadeQuery", "01_LampshadeQuery\01_LampshadeQuery.csproj", "{FB78C4B1-36B4-4C5F-9D05-00CFFE94E995}"
EndProject
Project("{2150E333-8FDC-42A3-9474-1A3956D46DE8}") = "DiscountManagement", "DiscountManagement", "{4EBBA66A-1B8B-4835-8D55-1013F4D28969}"
EndProject
Project("{2150E333-8FDC-42A3-9474-1A3956D46DE8}") = "DM.Domain", "DM.Domain", "{6A778E81-392B-40D9-9E20-81A916A069AD}"
EndProject
Project("{9A19103F-16F7-4668-BE54-9A1E7A4F7556}") = "DiscountManagement.Domain", "DiscountManagement.Domain\DiscountManagement.Domain.csproj", "{9111854C-7843-4E9D-8342-D2E10867E858}"
EndProject
Project("{2150E333-8FDC-42A3-9474-1A3956D46DE8}") = "DM.Application", "DM.Application", "{4C7A6484-C9D9-4699-BD89-0E907A4EA581}"
EndProject
Project("{9A19103F-16F7-4668-BE54-9A1E7A4F7556}") = "DiscountManagement.Application.Contract", "DiscountManagement.Application.Contract\DiscountManagement.Application.Contract.csproj", "{695A574B-C254-48EE-8EE7-05D4D8C87C75}"
EndProject
Project("{9A19103F-16F7-4668-BE54-9A1E7A4F7556}") = "DiscountManagement.Application", "DiscountManagement.Application\DiscountManagement.Application.csproj", "{977FF373-8226-4AA0-89D2-F3E9DE189AC4}"
EndProject
Project("{2150E333-8FDC-42A3-9474-1A3956D46DE8}") = "DM.Infrastucture", "DM.Infrastucture", "{B9D7ED1D-C574-4898-B5D7-46877A3E4FA3}"
EndProject
Project("{9A19103F-16F7-4668-BE54-9A1E7A4F7556}") = "DiscountManagement.Infrastructure.EFCore", "DiscountManagement.Infrastructure.EFCore\DiscountManagement.Infrastructure.EFCore.csproj", "{16547040-EC47-478F-927F-27A6625B875A}"
EndProject
Project("{9A19103F-16F7-4668-BE54-9A1E7A4F7556}") = "DiscountManagement.Configuration", "DiscountManagement.Configuration\DiscountManagement.Configuration.csproj", "{46B7D262-E596-4912-9DF1-BE5CFF15382A}"
EndProject
Project("{2150E333-8FDC-42A3-9474-1A3956D46DE8}") = "InventoryManagement", "InventoryManagement", "{8715964A-070D-490D-BF28-8D6BAFF40335}"
EndProject
Project("{2150E333-8FDC-42A3-9474-1A3956D46DE8}") = "IM.Domain", "IM.Domain", "{78784F41-7489-455E-8568-64A7EEB67590}"
EndProject
Project("{9A19103F-16F7-4668-BE54-9A1E7A4F7556}") = "InventoryManagement.Domain", "InventoryManagement.Domain\InventoryManagement.Domain.csproj", "{0BA2CF29-9229-4F1D-9575-B270A17D3A80}"
EndProject
Project("{2150E333-8FDC-42A3-9474-1A3956D46DE8}") = "IM.Application", "IM.Application", "{F953DD08-3F23-4DAB-AD0C-B5295DF36B83}"
EndProject
Project("{9A19103F-16F7-4668-BE54-9A1E7A4F7556}") = "InventoryManagement.Application.Contract", "InventoryManagement.Applcation.Contract\InventoryManagement.Application.Contract.csproj", "{B0242F55-679D-4FC3-8B77-268EA84FEA2C}"
EndProject
Project("{2150E333-8FDC-42A3-9474-1A3956D46DE8}") = "IM.Infrastructure", "IM.Infrastructure", "{73524954-719E-45E6-AFC3-9DEC5D6E67B1}"
EndProject
Project("{9A19103F-16F7-4668-BE54-9A1E7A4F7556}") = "InventoryManagement.Infrastructure.EFCore", "InventoryManagement.Infrastructure.EFCore\InventoryManagement.Infrastructure.EFCore.csproj", "{8A8FF418-1A44-46DF-A6AC-786D635972C4}"
EndProject
Project("{9A19103F-16F7-4668-BE54-9A1E7A4F7556}") = "InventoryManagement.Infrastructure.Configuration", "InventoryManagement.Infrastructure.Configuration\InventoryManagement.Infrastructure.Configuration.csproj", "{0F544254-56D5-40C1-B041-282F07DFF783}"
EndProject
Project("{9A19103F-16F7-4668-BE54-9A1E7A4F7556}") = "InventoryManagement.Application", "InventoryManagement.Application\InventoryManagement.Application.csproj", "{2AFA693B-E750-499D-B4DD-6B899847DFE5}"
EndProject
Project("{2150E333-8FDC-42A3-9474-1A3956D46DE8}") = "BlogManagement", "BlogManagement", "{0727DCA5-2209-4C7F-A9D2-981D56858A76}"
EndProject
Project("{2150E333-8FDC-42A3-9474-1A3956D46DE8}") = "BM.Domain", "BM.Domain", "{72C31F0D-ABAF-4B97-AC8A-99D4C1A8470F}"
EndProject
Project("{9A19103F-16F7-4668-BE54-9A1E7A4F7556}") = "BlogManagement.Domain", "BlogManagement.Domain\BlogManagement.Domain.csproj", "{B0D489FB-88B9-40CF-829D-4D1FC46CB991}"
EndProject
Project("{2150E333-8FDC-42A3-9474-1A3956D46DE8}") = "BM.Application", "BM.Application", "{0DF7FDEF-A24D-4D18-8766-C44A3E66A198}"
EndProject
Project("{9A19103F-16F7-4668-BE54-9A1E7A4F7556}") = "BlogManagement.Application.Contracts", "BlogManagement.Application.Contracts\BlogManagement.Application.Contracts.csproj", "{0F43EF73-EAEB-4F48-8AE6-938067F2285B}"
EndProject
Project("{9A19103F-16F7-4668-BE54-9A1E7A4F7556}") = "BlogManagement.Application", "BlogManagement.Application\BlogManagement.Application.csproj", "{220BFC1A-F4BB-4C8F-837F-6D20B00E28CB}"
EndProject
Project("{2150E333-8FDC-42A3-9474-1A3956D46DE8}") = "BM.Infrastructure", "BM.Infrastructure", "{E72003FA-FA71-4441-8605-00C6CB8F9FFD}"
EndProject
Project("{9A19103F-16F7-4668-BE54-9A1E7A4F7556}") = "BlogManagement.Infrastructure.EFCore", "BlogManagement.Infrastructure.EFCore\BlogManagement.Infrastructure.EFCore.csproj", "{5AD5DEA3-E04F-479C-AEDE-FA72E91D3632}"
EndProject
Project("{9A19103F-16F7-4668-BE54-9A1E7A4F7556}") = "BlogManagement.Infrastructure.Configuration", "BlogManagement.Infrastructure.Configuration\BlogManagement.Infrastructure.Configuration.csproj", "{4A3AA70B-F6A6-410C-8159-95B1A1A5784F}"
EndProject
Project("{2150E333-8FDC-42A3-9474-1A3956D46DE8}") = "CommentManagement", "CommentManagement", "{A1DA9935-C3C3-48BA-B5C7-E9AE35FD74C6}"
EndProject
Project("{2150E333-8FDC-42A3-9474-1A3956D46DE8}") = "CM.Domain", "CM.Domain", "{5CF8FEE4-E730-4E2F-9E70-23BC5641DFE1}"
EndProject
Project("{9A19103F-16F7-4668-BE54-9A1E7A4F7556}") = "CommentManagement.Domain", "CommentManagement.Domain\CommentManagement.Domain.csproj", "{9D5A3C3C-4AFC-4B77-8121-BA39973C2279}"
EndProject
Project("{2150E333-8FDC-42A3-9474-1A3956D46DE8}") = "CM.Application", "CM.Application", "{49B80798-2883-4F0D-82F6-3BB51B0857DC}"
EndProject
Project("{9A19103F-16F7-4668-BE54-9A1E7A4F7556}") = "CommentManagement.Application.Contracts", "CommentManagement.Application.Contracts\CommentManagement.Application.Contracts.csproj", "{A5F8D344-CB5B-4F49-821A-76AC25E8B0AA}"
EndProject
Project("{9A19103F-16F7-4668-BE54-9A1E7A4F7556}") = "CommentManagement.Application", "CommentManagement.Application\CommentManagement.Application.csproj", "{D3EF6C9A-BD2A-40C5-A198-9744B00F2356}"
EndProject
Project("{2150E333-8FDC-42A3-9474-1A3956D46DE8}") = "CM.Infrastructure", "CM.Infrastructure", "{6E32F0DC-0A7F-482D-B258-A357DBD212B7}"
EndProject
Project("{9A19103F-16F7-4668-BE54-9A1E7A4F7556}") = "CommentManagement.Infrastructure.EFCore", "CommentManagement.Infrastructure.EFCore\CommentManagement.Infrastructure.EFCore.csproj", "{9FF0A3D6-608A-4E74-BA30-3F639D39A463}"
EndProject
Project("{9A19103F-16F7-4668-BE54-9A1E7A4F7556}") = "CommentManagement.Infrastructure.Configuration", "CommentManagement.Infrastructure.Configuration\CommentManagement.Infrastructure.Configuration.csproj", "{3ED05F67-D4A4-4A7D-B5EB-B29983DFC747}"
EndProject
Project("{2150E333-8FDC-42A3-9474-1A3956D46DE8}") = "AccountManagement", "AccountManagement", "{2522BA79-7772-437F-8298-92C93B284230}"
EndProject
Project("{2150E333-8FDC-42A3-9474-1A3956D46DE8}") = "AM.Domain", "AM.Domain", "{D41AAFAC-8C37-4A05-A24C-66ECE987EEDC}"
EndProject
Project("{9A19103F-16F7-4668-BE54-9A1E7A4F7556}") = "AccountManagement.Domain", "AccountManagement.Domain\AccountManagement.Domain.csproj", "{22D862F4-1678-4DC7-8607-B2DF12AD9A34}"
EndProject
Project("{2150E333-8FDC-42A3-9474-1A3956D46DE8}") = "AM.Application", "AM.Application", "{AF15B4A5-E5F2-41F1-A60E-AB658E0055E2}"
EndProject
Project("{9A19103F-16F7-4668-BE54-9A1E7A4F7556}") = "AccountManagement.Application.Contracts", "AccountManagement.Application.Contracts\AccountManagement.Application.Contracts.csproj", "{4ABF41D6-CF4B-4F85-B0F0-56A26BAEB926}"
EndProject
Project("{2150E333-8FDC-42A3-9474-1A3956D46DE8}") = "AM.Infrastructure", "AM.Infrastructure", "{26E523CE-572D-48B0-BAC5-A06E28D003B7}"
EndProject
Project("{9A19103F-16F7-4668-BE54-9A1E7A4F7556}") = "AccountManagement.Infrastructure.EFCore", "AccountManagement.Infrastructure.EFCore\AccountManagement.Infrastructure.EFCore.csproj", "{5080C65F-BE92-4951-B04A-6DBBCFB1F3AE}"
EndProject
Project("{9A19103F-16F7-4668-BE54-9A1E7A4F7556}") = "AccountManagement.Application", "AccountManagement.Application\AccountManagement.Application.csproj", "{C52024ED-132E-4AEA-8D4B-67F84E2EA6F0}"
EndProject
Project("{9A19103F-16F7-4668-BE54-9A1E7A4F7556}") = "AccountManagement.Configuration", "AccountManagement.Configuration\AccountManagement.Configuration.csproj", "{70B9FFD6-F2F0-437D-B3EE-ADFD8DE7C728}"
EndProject
Project("{9A19103F-16F7-4668-BE54-9A1E7A4F7556}") = "ShopManagement.Infrastructure.InventoryAcl", "ShopManagement.Infrastructure.InventoryAcl\ShopManagement.Infrastructure.InventoryAcl.csproj", "{E5766C3C-2EA3-4D78-AE0B-0D88692C65F3}"
EndProject
Project("{2150E333-8FDC-42A3-9474-1A3956D46DE8}") = "SM.Presentation", "SM.Presentation", "{352CC28C-711D-4BE4-95BC-9203EE1F2DAE}"
EndProject
Project("{9A19103F-16F7-4668-BE54-9A1E7A4F7556}") = "ShopManagement.Presentation.Api", "ShopManagement.Presentation.Api\ShopManagement.Presentation.Api.csproj", "{8D77CCD8-9C8D-4371-875A-2B025D469ECD}"
EndProject
Project("{2150E333-8FDC-42A3-9474-1A3956D46DE8}") = "IM.Presentation", "IM.Presentation", "{FD1E1CC3-99C3-43AA-888D-E81EEE8DA687}"
EndProject
Project("{9A19103F-16F7-4668-BE54-9A1E7A4F7556}") = "InventoryManagement.Presentation.Api", "InventoryManagemnet.Presentation.Api\InventoryManagement.Presentation.Api.csproj", "{E0A1C985-E641-4710-B6CB-43D6C236E17C}"
EndProject
Project("{2150E333-8FDC-42A3-9474-1A3956D46DE8}") = "BM.Presentation", "BM.Presentation", "{B700D2A8-7CBB-4C22-AD94-9454B2A866B1}"
EndProject
Project("{FAE04EC0-301F-11D3-BF4B-00C04F79EFBC}") = "BlogManagement.Presentation.Api", "BlogManagement.Presentation.Api\BlogManagement.Presentation.Api.csproj", "{7F726F4F-1FA8-4EE7-ADD7-00C2CBCA1A5F}"
EndProject
Global
	GlobalSection(SolutionConfigurationPlatforms) = preSolution
		Debug|Any CPU = Debug|Any CPU
		Release|Any CPU = Release|Any CPU
	EndGlobalSection
	GlobalSection(ProjectConfigurationPlatforms) = postSolution
		{D6721DCF-7DBD-406D-889C-6C29D3597483}.Debug|Any CPU.ActiveCfg = Debug|Any CPU
		{D6721DCF-7DBD-406D-889C-6C29D3597483}.Debug|Any CPU.Build.0 = Debug|Any CPU
		{D6721DCF-7DBD-406D-889C-6C29D3597483}.Release|Any CPU.ActiveCfg = Release|Any CPU
		{D6721DCF-7DBD-406D-889C-6C29D3597483}.Release|Any CPU.Build.0 = Release|Any CPU
		{401B2874-08D6-4DB1-8AA3-FEF97CBAA636}.Debug|Any CPU.ActiveCfg = Debug|Any CPU
		{401B2874-08D6-4DB1-8AA3-FEF97CBAA636}.Debug|Any CPU.Build.0 = Debug|Any CPU
		{401B2874-08D6-4DB1-8AA3-FEF97CBAA636}.Release|Any CPU.ActiveCfg = Release|Any CPU
		{401B2874-08D6-4DB1-8AA3-FEF97CBAA636}.Release|Any CPU.Build.0 = Release|Any CPU
		{A30C9D21-A591-4204-A28E-EB82101B3886}.Debug|Any CPU.ActiveCfg = Debug|Any CPU
		{A30C9D21-A591-4204-A28E-EB82101B3886}.Debug|Any CPU.Build.0 = Debug|Any CPU
		{A30C9D21-A591-4204-A28E-EB82101B3886}.Release|Any CPU.ActiveCfg = Release|Any CPU
		{A30C9D21-A591-4204-A28E-EB82101B3886}.Release|Any CPU.Build.0 = Release|Any CPU
		{FD22C9E1-273F-4753-9DF1-06D4EFD934DB}.Debug|Any CPU.ActiveCfg = Debug|Any CPU
		{FD22C9E1-273F-4753-9DF1-06D4EFD934DB}.Debug|Any CPU.Build.0 = Debug|Any CPU
		{FD22C9E1-273F-4753-9DF1-06D4EFD934DB}.Release|Any CPU.ActiveCfg = Release|Any CPU
		{FD22C9E1-273F-4753-9DF1-06D4EFD934DB}.Release|Any CPU.Build.0 = Release|Any CPU
		{99E6D677-AB4D-4646-9F7D-F21C9194BB6A}.Debug|Any CPU.ActiveCfg = Debug|Any CPU
		{99E6D677-AB4D-4646-9F7D-F21C9194BB6A}.Debug|Any CPU.Build.0 = Debug|Any CPU
		{99E6D677-AB4D-4646-9F7D-F21C9194BB6A}.Release|Any CPU.ActiveCfg = Release|Any CPU
		{99E6D677-AB4D-4646-9F7D-F21C9194BB6A}.Release|Any CPU.Build.0 = Release|Any CPU
		{5F58E0C7-CCF6-405B-B005-1399D0726F76}.Debug|Any CPU.ActiveCfg = Debug|Any CPU
		{5F58E0C7-CCF6-405B-B005-1399D0726F76}.Debug|Any CPU.Build.0 = Debug|Any CPU
		{5F58E0C7-CCF6-405B-B005-1399D0726F76}.Release|Any CPU.ActiveCfg = Release|Any CPU
		{5F58E0C7-CCF6-405B-B005-1399D0726F76}.Release|Any CPU.Build.0 = Release|Any CPU
		{8B495C86-4B73-4B92-935F-AFC0DEE4C63F}.Debug|Any CPU.ActiveCfg = Debug|Any CPU
		{8B495C86-4B73-4B92-935F-AFC0DEE4C63F}.Debug|Any CPU.Build.0 = Debug|Any CPU
		{8B495C86-4B73-4B92-935F-AFC0DEE4C63F}.Release|Any CPU.ActiveCfg = Release|Any CPU
		{8B495C86-4B73-4B92-935F-AFC0DEE4C63F}.Release|Any CPU.Build.0 = Release|Any CPU
		{FB78C4B1-36B4-4C5F-9D05-00CFFE94E995}.Debug|Any CPU.ActiveCfg = Debug|Any CPU
		{FB78C4B1-36B4-4C5F-9D05-00CFFE94E995}.Debug|Any CPU.Build.0 = Debug|Any CPU
		{FB78C4B1-36B4-4C5F-9D05-00CFFE94E995}.Release|Any CPU.ActiveCfg = Release|Any CPU
		{FB78C4B1-36B4-4C5F-9D05-00CFFE94E995}.Release|Any CPU.Build.0 = Release|Any CPU
		{9111854C-7843-4E9D-8342-D2E10867E858}.Debug|Any CPU.ActiveCfg = Debug|Any CPU
		{9111854C-7843-4E9D-8342-D2E10867E858}.Debug|Any CPU.Build.0 = Debug|Any CPU
		{9111854C-7843-4E9D-8342-D2E10867E858}.Release|Any CPU.ActiveCfg = Release|Any CPU
		{9111854C-7843-4E9D-8342-D2E10867E858}.Release|Any CPU.Build.0 = Release|Any CPU
		{695A574B-C254-48EE-8EE7-05D4D8C87C75}.Debug|Any CPU.ActiveCfg = Debug|Any CPU
		{695A574B-C254-48EE-8EE7-05D4D8C87C75}.Debug|Any CPU.Build.0 = Debug|Any CPU
		{695A574B-C254-48EE-8EE7-05D4D8C87C75}.Release|Any CPU.ActiveCfg = Release|Any CPU
		{695A574B-C254-48EE-8EE7-05D4D8C87C75}.Release|Any CPU.Build.0 = Release|Any CPU
		{977FF373-8226-4AA0-89D2-F3E9DE189AC4}.Debug|Any CPU.ActiveCfg = Debug|Any CPU
		{977FF373-8226-4AA0-89D2-F3E9DE189AC4}.Debug|Any CPU.Build.0 = Debug|Any CPU
		{977FF373-8226-4AA0-89D2-F3E9DE189AC4}.Release|Any CPU.ActiveCfg = Release|Any CPU
		{977FF373-8226-4AA0-89D2-F3E9DE189AC4}.Release|Any CPU.Build.0 = Release|Any CPU
		{16547040-EC47-478F-927F-27A6625B875A}.Debug|Any CPU.ActiveCfg = Debug|Any CPU
		{16547040-EC47-478F-927F-27A6625B875A}.Debug|Any CPU.Build.0 = Debug|Any CPU
		{16547040-EC47-478F-927F-27A6625B875A}.Release|Any CPU.ActiveCfg = Release|Any CPU
		{16547040-EC47-478F-927F-27A6625B875A}.Release|Any CPU.Build.0 = Release|Any CPU
		{46B7D262-E596-4912-9DF1-BE5CFF15382A}.Debug|Any CPU.ActiveCfg = Debug|Any CPU
		{46B7D262-E596-4912-9DF1-BE5CFF15382A}.Debug|Any CPU.Build.0 = Debug|Any CPU
		{46B7D262-E596-4912-9DF1-BE5CFF15382A}.Release|Any CPU.ActiveCfg = Release|Any CPU
		{46B7D262-E596-4912-9DF1-BE5CFF15382A}.Release|Any CPU.Build.0 = Release|Any CPU
		{0BA2CF29-9229-4F1D-9575-B270A17D3A80}.Debug|Any CPU.ActiveCfg = Debug|Any CPU
		{0BA2CF29-9229-4F1D-9575-B270A17D3A80}.Debug|Any CPU.Build.0 = Debug|Any CPU
		{0BA2CF29-9229-4F1D-9575-B270A17D3A80}.Release|Any CPU.ActiveCfg = Release|Any CPU
		{0BA2CF29-9229-4F1D-9575-B270A17D3A80}.Release|Any CPU.Build.0 = Release|Any CPU
		{B0242F55-679D-4FC3-8B77-268EA84FEA2C}.Debug|Any CPU.ActiveCfg = Debug|Any CPU
		{B0242F55-679D-4FC3-8B77-268EA84FEA2C}.Debug|Any CPU.Build.0 = Debug|Any CPU
		{B0242F55-679D-4FC3-8B77-268EA84FEA2C}.Release|Any CPU.ActiveCfg = Release|Any CPU
		{B0242F55-679D-4FC3-8B77-268EA84FEA2C}.Release|Any CPU.Build.0 = Release|Any CPU
		{8A8FF418-1A44-46DF-A6AC-786D635972C4}.Debug|Any CPU.ActiveCfg = Debug|Any CPU
		{8A8FF418-1A44-46DF-A6AC-786D635972C4}.Debug|Any CPU.Build.0 = Debug|Any CPU
		{8A8FF418-1A44-46DF-A6AC-786D635972C4}.Release|Any CPU.ActiveCfg = Release|Any CPU
		{8A8FF418-1A44-46DF-A6AC-786D635972C4}.Release|Any CPU.Build.0 = Release|Any CPU
		{0F544254-56D5-40C1-B041-282F07DFF783}.Debug|Any CPU.ActiveCfg = Debug|Any CPU
		{0F544254-56D5-40C1-B041-282F07DFF783}.Debug|Any CPU.Build.0 = Debug|Any CPU
		{0F544254-56D5-40C1-B041-282F07DFF783}.Release|Any CPU.ActiveCfg = Release|Any CPU
		{0F544254-56D5-40C1-B041-282F07DFF783}.Release|Any CPU.Build.0 = Release|Any CPU
		{2AFA693B-E750-499D-B4DD-6B899847DFE5}.Debug|Any CPU.ActiveCfg = Debug|Any CPU
		{2AFA693B-E750-499D-B4DD-6B899847DFE5}.Debug|Any CPU.Build.0 = Debug|Any CPU
		{2AFA693B-E750-499D-B4DD-6B899847DFE5}.Release|Any CPU.ActiveCfg = Release|Any CPU
		{2AFA693B-E750-499D-B4DD-6B899847DFE5}.Release|Any CPU.Build.0 = Release|Any CPU
		{B0D489FB-88B9-40CF-829D-4D1FC46CB991}.Debug|Any CPU.ActiveCfg = Debug|Any CPU
		{B0D489FB-88B9-40CF-829D-4D1FC46CB991}.Debug|Any CPU.Build.0 = Debug|Any CPU
		{B0D489FB-88B9-40CF-829D-4D1FC46CB991}.Release|Any CPU.ActiveCfg = Release|Any CPU
		{B0D489FB-88B9-40CF-829D-4D1FC46CB991}.Release|Any CPU.Build.0 = Release|Any CPU
		{0F43EF73-EAEB-4F48-8AE6-938067F2285B}.Debug|Any CPU.ActiveCfg = Debug|Any CPU
		{0F43EF73-EAEB-4F48-8AE6-938067F2285B}.Debug|Any CPU.Build.0 = Debug|Any CPU
		{0F43EF73-EAEB-4F48-8AE6-938067F2285B}.Release|Any CPU.ActiveCfg = Release|Any CPU
		{0F43EF73-EAEB-4F48-8AE6-938067F2285B}.Release|Any CPU.Build.0 = Release|Any CPU
		{220BFC1A-F4BB-4C8F-837F-6D20B00E28CB}.Debug|Any CPU.ActiveCfg = Debug|Any CPU
		{220BFC1A-F4BB-4C8F-837F-6D20B00E28CB}.Debug|Any CPU.Build.0 = Debug|Any CPU
		{220BFC1A-F4BB-4C8F-837F-6D20B00E28CB}.Release|Any CPU.ActiveCfg = Release|Any CPU
		{220BFC1A-F4BB-4C8F-837F-6D20B00E28CB}.Release|Any CPU.Build.0 = Release|Any CPU
		{5AD5DEA3-E04F-479C-AEDE-FA72E91D3632}.Debug|Any CPU.ActiveCfg = Debug|Any CPU
		{5AD5DEA3-E04F-479C-AEDE-FA72E91D3632}.Debug|Any CPU.Build.0 = Debug|Any CPU
		{5AD5DEA3-E04F-479C-AEDE-FA72E91D3632}.Release|Any CPU.ActiveCfg = Release|Any CPU
		{5AD5DEA3-E04F-479C-AEDE-FA72E91D3632}.Release|Any CPU.Build.0 = Release|Any CPU
		{4A3AA70B-F6A6-410C-8159-95B1A1A5784F}.Debug|Any CPU.ActiveCfg = Debug|Any CPU
		{4A3AA70B-F6A6-410C-8159-95B1A1A5784F}.Debug|Any CPU.Build.0 = Debug|Any CPU
		{4A3AA70B-F6A6-410C-8159-95B1A1A5784F}.Release|Any CPU.ActiveCfg = Release|Any CPU
		{4A3AA70B-F6A6-410C-8159-95B1A1A5784F}.Release|Any CPU.Build.0 = Release|Any CPU
		{9D5A3C3C-4AFC-4B77-8121-BA39973C2279}.Debug|Any CPU.ActiveCfg = Debug|Any CPU
		{9D5A3C3C-4AFC-4B77-8121-BA39973C2279}.Debug|Any CPU.Build.0 = Debug|Any CPU
		{9D5A3C3C-4AFC-4B77-8121-BA39973C2279}.Release|Any CPU.ActiveCfg = Release|Any CPU
		{9D5A3C3C-4AFC-4B77-8121-BA39973C2279}.Release|Any CPU.Build.0 = Release|Any CPU
		{A5F8D344-CB5B-4F49-821A-76AC25E8B0AA}.Debug|Any CPU.ActiveCfg = Debug|Any CPU
		{A5F8D344-CB5B-4F49-821A-76AC25E8B0AA}.Debug|Any CPU.Build.0 = Debug|Any CPU
		{A5F8D344-CB5B-4F49-821A-76AC25E8B0AA}.Release|Any CPU.ActiveCfg = Release|Any CPU
		{A5F8D344-CB5B-4F49-821A-76AC25E8B0AA}.Release|Any CPU.Build.0 = Release|Any CPU
		{D3EF6C9A-BD2A-40C5-A198-9744B00F2356}.Debug|Any CPU.ActiveCfg = Debug|Any CPU
		{D3EF6C9A-BD2A-40C5-A198-9744B00F2356}.Debug|Any CPU.Build.0 = Debug|Any CPU
		{D3EF6C9A-BD2A-40C5-A198-9744B00F2356}.Release|Any CPU.ActiveCfg = Release|Any CPU
		{D3EF6C9A-BD2A-40C5-A198-9744B00F2356}.Release|Any CPU.Build.0 = Release|Any CPU
		{9FF0A3D6-608A-4E74-BA30-3F639D39A463}.Debug|Any CPU.ActiveCfg = Debug|Any CPU
		{9FF0A3D6-608A-4E74-BA30-3F639D39A463}.Debug|Any CPU.Build.0 = Debug|Any CPU
		{9FF0A3D6-608A-4E74-BA30-3F639D39A463}.Release|Any CPU.ActiveCfg = Release|Any CPU
		{9FF0A3D6-608A-4E74-BA30-3F639D39A463}.Release|Any CPU.Build.0 = Release|Any CPU
		{3ED05F67-D4A4-4A7D-B5EB-B29983DFC747}.Debug|Any CPU.ActiveCfg = Debug|Any CPU
		{3ED05F67-D4A4-4A7D-B5EB-B29983DFC747}.Debug|Any CPU.Build.0 = Debug|Any CPU
		{3ED05F67-D4A4-4A7D-B5EB-B29983DFC747}.Release|Any CPU.ActiveCfg = Release|Any CPU
		{3ED05F67-D4A4-4A7D-B5EB-B29983DFC747}.Release|Any CPU.Build.0 = Release|Any CPU
		{22D862F4-1678-4DC7-8607-B2DF12AD9A34}.Debug|Any CPU.ActiveCfg = Debug|Any CPU
		{22D862F4-1678-4DC7-8607-B2DF12AD9A34}.Debug|Any CPU.Build.0 = Debug|Any CPU
		{22D862F4-1678-4DC7-8607-B2DF12AD9A34}.Release|Any CPU.ActiveCfg = Release|Any CPU
		{22D862F4-1678-4DC7-8607-B2DF12AD9A34}.Release|Any CPU.Build.0 = Release|Any CPU
		{4ABF41D6-CF4B-4F85-B0F0-56A26BAEB926}.Debug|Any CPU.ActiveCfg = Debug|Any CPU
		{4ABF41D6-CF4B-4F85-B0F0-56A26BAEB926}.Debug|Any CPU.Build.0 = Debug|Any CPU
		{4ABF41D6-CF4B-4F85-B0F0-56A26BAEB926}.Release|Any CPU.ActiveCfg = Release|Any CPU
		{4ABF41D6-CF4B-4F85-B0F0-56A26BAEB926}.Release|Any CPU.Build.0 = Release|Any CPU
		{5080C65F-BE92-4951-B04A-6DBBCFB1F3AE}.Debug|Any CPU.ActiveCfg = Debug|Any CPU
		{5080C65F-BE92-4951-B04A-6DBBCFB1F3AE}.Debug|Any CPU.Build.0 = Debug|Any CPU
		{5080C65F-BE92-4951-B04A-6DBBCFB1F3AE}.Release|Any CPU.ActiveCfg = Release|Any CPU
		{5080C65F-BE92-4951-B04A-6DBBCFB1F3AE}.Release|Any CPU.Build.0 = Release|Any CPU
		{C52024ED-132E-4AEA-8D4B-67F84E2EA6F0}.Debug|Any CPU.ActiveCfg = Debug|Any CPU
		{C52024ED-132E-4AEA-8D4B-67F84E2EA6F0}.Debug|Any CPU.Build.0 = Debug|Any CPU
		{C52024ED-132E-4AEA-8D4B-67F84E2EA6F0}.Release|Any CPU.ActiveCfg = Release|Any CPU
		{C52024ED-132E-4AEA-8D4B-67F84E2EA6F0}.Release|Any CPU.Build.0 = Release|Any CPU
		{70B9FFD6-F2F0-437D-B3EE-ADFD8DE7C728}.Debug|Any CPU.ActiveCfg = Debug|Any CPU
		{70B9FFD6-F2F0-437D-B3EE-ADFD8DE7C728}.Debug|Any CPU.Build.0 = Debug|Any CPU
		{70B9FFD6-F2F0-437D-B3EE-ADFD8DE7C728}.Release|Any CPU.ActiveCfg = Release|Any CPU
		{70B9FFD6-F2F0-437D-B3EE-ADFD8DE7C728}.Release|Any CPU.Build.0 = Release|Any CPU
		{E5766C3C-2EA3-4D78-AE0B-0D88692C65F3}.Debug|Any CPU.ActiveCfg = Debug|Any CPU
		{E5766C3C-2EA3-4D78-AE0B-0D88692C65F3}.Debug|Any CPU.Build.0 = Debug|Any CPU
		{E5766C3C-2EA3-4D78-AE0B-0D88692C65F3}.Release|Any CPU.ActiveCfg = Release|Any CPU
		{E5766C3C-2EA3-4D78-AE0B-0D88692C65F3}.Release|Any CPU.Build.0 = Release|Any CPU
		{8D77CCD8-9C8D-4371-875A-2B025D469ECD}.Debug|Any CPU.ActiveCfg = Debug|Any CPU
		{8D77CCD8-9C8D-4371-875A-2B025D469ECD}.Debug|Any CPU.Build.0 = Debug|Any CPU
		{8D77CCD8-9C8D-4371-875A-2B025D469ECD}.Release|Any CPU.ActiveCfg = Release|Any CPU
		{8D77CCD8-9C8D-4371-875A-2B025D469ECD}.Release|Any CPU.Build.0 = Release|Any CPU
		{E0A1C985-E641-4710-B6CB-43D6C236E17C}.Debug|Any CPU.ActiveCfg = Debug|Any CPU
		{E0A1C985-E641-4710-B6CB-43D6C236E17C}.Debug|Any CPU.Build.0 = Debug|Any CPU
		{E0A1C985-E641-4710-B6CB-43D6C236E17C}.Release|Any CPU.ActiveCfg = Release|Any CPU
		{E0A1C985-E641-4710-B6CB-43D6C236E17C}.Release|Any CPU.Build.0 = Release|Any CPU
		{7F726F4F-1FA8-4EE7-ADD7-00C2CBCA1A5F}.Debug|Any CPU.ActiveCfg = Debug|Any CPU
		{7F726F4F-1FA8-4EE7-ADD7-00C2CBCA1A5F}.Debug|Any CPU.Build.0 = Debug|Any CPU
		{7F726F4F-1FA8-4EE7-ADD7-00C2CBCA1A5F}.Release|Any CPU.ActiveCfg = Release|Any CPU
		{7F726F4F-1FA8-4EE7-ADD7-00C2CBCA1A5F}.Release|Any CPU.Build.0 = Release|Any CPU
	EndGlobalSection
	GlobalSection(SolutionProperties) = preSolution
		HideSolutionNode = FALSE
	EndGlobalSection
	GlobalSection(NestedProjects) = preSolution
		{4FF3640F-8EBC-497F-81B8-55225D50AEF6} = {3F416313-12BD-42DE-B752-8919C80ED3A5}
		{D6721DCF-7DBD-406D-889C-6C29D3597483} = {4FF3640F-8EBC-497F-81B8-55225D50AEF6}
		{F41F82C5-309C-4E88-A9B4-6F5499398EAE} = {3F416313-12BD-42DE-B752-8919C80ED3A5}
		{A30C9D21-A591-4204-A28E-EB82101B3886} = {F41F82C5-309C-4E88-A9B4-6F5499398EAE}
		{FD22C9E1-273F-4753-9DF1-06D4EFD934DB} = {F41F82C5-309C-4E88-A9B4-6F5499398EAE}
		{9264974D-24D5-4C43-95BA-3DE259CDD68F} = {3F416313-12BD-42DE-B752-8919C80ED3A5}
		{99E6D677-AB4D-4646-9F7D-F21C9194BB6A} = {9264974D-24D5-4C43-95BA-3DE259CDD68F}
		{5F58E0C7-CCF6-405B-B005-1399D0726F76} = {9264974D-24D5-4C43-95BA-3DE259CDD68F}
		{6A778E81-392B-40D9-9E20-81A916A069AD} = {4EBBA66A-1B8B-4835-8D55-1013F4D28969}
		{9111854C-7843-4E9D-8342-D2E10867E858} = {6A778E81-392B-40D9-9E20-81A916A069AD}
		{4C7A6484-C9D9-4699-BD89-0E907A4EA581} = {4EBBA66A-1B8B-4835-8D55-1013F4D28969}
		{695A574B-C254-48EE-8EE7-05D4D8C87C75} = {4C7A6484-C9D9-4699-BD89-0E907A4EA581}
		{977FF373-8226-4AA0-89D2-F3E9DE189AC4} = {4C7A6484-C9D9-4699-BD89-0E907A4EA581}
		{B9D7ED1D-C574-4898-B5D7-46877A3E4FA3} = {4EBBA66A-1B8B-4835-8D55-1013F4D28969}
		{16547040-EC47-478F-927F-27A6625B875A} = {B9D7ED1D-C574-4898-B5D7-46877A3E4FA3}
		{46B7D262-E596-4912-9DF1-BE5CFF15382A} = {B9D7ED1D-C574-4898-B5D7-46877A3E4FA3}
		{78784F41-7489-455E-8568-64A7EEB67590} = {8715964A-070D-490D-BF28-8D6BAFF40335}
		{0BA2CF29-9229-4F1D-9575-B270A17D3A80} = {78784F41-7489-455E-8568-64A7EEB67590}
		{F953DD08-3F23-4DAB-AD0C-B5295DF36B83} = {8715964A-070D-490D-BF28-8D6BAFF40335}
		{B0242F55-679D-4FC3-8B77-268EA84FEA2C} = {F953DD08-3F23-4DAB-AD0C-B5295DF36B83}
		{73524954-719E-45E6-AFC3-9DEC5D6E67B1} = {8715964A-070D-490D-BF28-8D6BAFF40335}
		{8A8FF418-1A44-46DF-A6AC-786D635972C4} = {73524954-719E-45E6-AFC3-9DEC5D6E67B1}
		{0F544254-56D5-40C1-B041-282F07DFF783} = {73524954-719E-45E6-AFC3-9DEC5D6E67B1}
		{2AFA693B-E750-499D-B4DD-6B899847DFE5} = {F953DD08-3F23-4DAB-AD0C-B5295DF36B83}
		{72C31F0D-ABAF-4B97-AC8A-99D4C1A8470F} = {0727DCA5-2209-4C7F-A9D2-981D56858A76}
		{B0D489FB-88B9-40CF-829D-4D1FC46CB991} = {72C31F0D-ABAF-4B97-AC8A-99D4C1A8470F}
		{0DF7FDEF-A24D-4D18-8766-C44A3E66A198} = {0727DCA5-2209-4C7F-A9D2-981D56858A76}
		{0F43EF73-EAEB-4F48-8AE6-938067F2285B} = {0DF7FDEF-A24D-4D18-8766-C44A3E66A198}
		{220BFC1A-F4BB-4C8F-837F-6D20B00E28CB} = {0DF7FDEF-A24D-4D18-8766-C44A3E66A198}
		{E72003FA-FA71-4441-8605-00C6CB8F9FFD} = {0727DCA5-2209-4C7F-A9D2-981D56858A76}
		{5AD5DEA3-E04F-479C-AEDE-FA72E91D3632} = {E72003FA-FA71-4441-8605-00C6CB8F9FFD}
		{4A3AA70B-F6A6-410C-8159-95B1A1A5784F} = {E72003FA-FA71-4441-8605-00C6CB8F9FFD}
		{5CF8FEE4-E730-4E2F-9E70-23BC5641DFE1} = {A1DA9935-C3C3-48BA-B5C7-E9AE35FD74C6}
		{9D5A3C3C-4AFC-4B77-8121-BA39973C2279} = {5CF8FEE4-E730-4E2F-9E70-23BC5641DFE1}
		{49B80798-2883-4F0D-82F6-3BB51B0857DC} = {A1DA9935-C3C3-48BA-B5C7-E9AE35FD74C6}
		{A5F8D344-CB5B-4F49-821A-76AC25E8B0AA} = {49B80798-2883-4F0D-82F6-3BB51B0857DC}
		{D3EF6C9A-BD2A-40C5-A198-9744B00F2356} = {49B80798-2883-4F0D-82F6-3BB51B0857DC}
		{6E32F0DC-0A7F-482D-B258-A357DBD212B7} = {A1DA9935-C3C3-48BA-B5C7-E9AE35FD74C6}
		{9FF0A3D6-608A-4E74-BA30-3F639D39A463} = {6E32F0DC-0A7F-482D-B258-A357DBD212B7}
		{3ED05F67-D4A4-4A7D-B5EB-B29983DFC747} = {6E32F0DC-0A7F-482D-B258-A357DBD212B7}
		{D41AAFAC-8C37-4A05-A24C-66ECE987EEDC} = {2522BA79-7772-437F-8298-92C93B284230}
		{22D862F4-1678-4DC7-8607-B2DF12AD9A34} = {D41AAFAC-8C37-4A05-A24C-66ECE987EEDC}
		{AF15B4A5-E5F2-41F1-A60E-AB658E0055E2} = {2522BA79-7772-437F-8298-92C93B284230}
		{4ABF41D6-CF4B-4F85-B0F0-56A26BAEB926} = {AF15B4A5-E5F2-41F1-A60E-AB658E0055E2}
		{26E523CE-572D-48B0-BAC5-A06E28D003B7} = {2522BA79-7772-437F-8298-92C93B284230}
		{5080C65F-BE92-4951-B04A-6DBBCFB1F3AE} = {26E523CE-572D-48B0-BAC5-A06E28D003B7}
		{C52024ED-132E-4AEA-8D4B-67F84E2EA6F0} = {AF15B4A5-E5F2-41F1-A60E-AB658E0055E2}
		{70B9FFD6-F2F0-437D-B3EE-ADFD8DE7C728} = {26E523CE-572D-48B0-BAC5-A06E28D003B7}
		{E5766C3C-2EA3-4D78-AE0B-0D88692C65F3} = {9264974D-24D5-4C43-95BA-3DE259CDD68F}
		{352CC28C-711D-4BE4-95BC-9203EE1F2DAE} = {3F416313-12BD-42DE-B752-8919C80ED3A5}
		{8D77CCD8-9C8D-4371-875A-2B025D469ECD} = {352CC28C-711D-4BE4-95BC-9203EE1F2DAE}
		{FD1E1CC3-99C3-43AA-888D-E81EEE8DA687} = {8715964A-070D-490D-BF28-8D6BAFF40335}
		{E0A1C985-E641-4710-B6CB-43D6C236E17C} = {FD1E1CC3-99C3-43AA-888D-E81EEE8DA687}
		{B700D2A8-7CBB-4C22-AD94-9454B2A866B1} = {0727DCA5-2209-4C7F-A9D2-981D56858A76}
		{7F726F4F-1FA8-4EE7-ADD7-00C2CBCA1A5F} = {B700D2A8-7CBB-4C22-AD94-9454B2A866B1}
	EndGlobalSection
	GlobalSection(ExtensibilityGlobals) = postSolution
		SolutionGuid = {C9FBB646-4F14-4ECB-8681-0297B37DE4F4}
	EndGlobalSection
EndGlobal
