
Microsoft Visual Studio Solution File, Format Version 12.00
# Visual Studio Version 16
VisualStudioVersion = 16.0.31112.23
MinimumVisualStudioVersion = 10.0.40219.1
Project("{2150E333-8FDC-42A3-9474-1A3956D46DE8}") = "ShopManagement", "ShopManagement", "{3F416313-12BD-42DE-B752-8919C80ED3A5}"
EndProject
Project("{2150E333-8FDC-42A3-9474-1A3956D46DE8}") = "SM.Domain", "SM.Domain", "{4FF3640F-8EBC-497F-81B8-55225D50AEF6}"
EndProject
Project("{FAE04EC0-301F-11D3-BF4B-00C04F79EFBC}") = "ShopManagement.Domain", "ShopManagement.Domain\ShopManagement.Domain.csproj", "{D6721DCF-7DBD-406D-889C-6C29D3597483}"
EndProject
Project("{FAE04EC0-301F-11D3-BF4B-00C04F79EFBC}") = "0_Framework", "0_Framework\0_Framework.csproj", "{401B2874-08D6-4DB1-8AA3-FEF97CBAA636}"
EndProject
Project("{2150E333-8FDC-42A3-9474-1A3956D46DE8}") = "SM.Application", "SM.Application", "{F41F82C5-309C-4E88-A9B4-6F5499398EAE}"
EndProject
Project("{FAE04EC0-301F-11D3-BF4B-00C04F79EFBC}") = "ShopManagement.Application.Contracts", "Shopmanagement.Application.Contracts\ShopManagement.Application.Contracts.csproj", "{A30C9D21-A591-4204-A28E-EB82101B3886}"
EndProject
Project("{FAE04EC0-301F-11D3-BF4B-00C04F79EFBC}") = "ShopManagement.Application", "ShopManagement.Application\ShopManagement.Application.csproj", "{FD22C9E1-273F-4753-9DF1-06D4EFD934DB}"
EndProject
Project("{2150E333-8FDC-42A3-9474-1A3956D46DE8}") = "SM.Infrastructure", "SM.Infrastructure", "{9264974D-24D5-4C43-95BA-3DE259CDD68F}"
EndProject
Project("{FAE04EC0-301F-11D3-BF4B-00C04F79EFBC}") = "ShopManagement.Infrastructure.EFCore", "ShopManagement.Infrastructure.EFCore\ShopManagement.Infrastructure.EFCore.csproj", "{99E6D677-AB4D-4646-9F7D-F21C9194BB6A}"
EndProject
Project("{FAE04EC0-301F-11D3-BF4B-00C04F79EFBC}") = "ShopManagement.Configuration", "ShopManagement.Configuration\ShopManagement.Configuration.csproj", "{5F58E0C7-CCF6-405B-B005-1399D0726F76}"
EndProject
Project("{FAE04EC0-301F-11D3-BF4B-00C04F79EFBC}") = "ServiceHost", "ServiceHost\ServiceHost.csproj", "{8B495C86-4B73-4B92-935F-AFC0DEE4C63F}"
EndProject
Global
	GlobalSection(SolutionConfigurationPlatforms) = preSolution
		Debug|Any CPU = Debug|Any CPU
		Release|Any CPU = Release|Any CPU
	EndGlobalSection
	GlobalSection(ProjectConfigurationPlatforms) = postSolution
		{D6721DCF-7DBD-406D-889C-6C29D3597483}.Debug|Any CPU.ActiveCfg = Debug|Any CPU
		{D6721DCF-7DBD-406D-889C-6C29D3597483}.Debug|Any CPU.Build.0 = Debug|Any CPU
		{D6721DCF-7DBD-406D-889C-6C29D3597483}.Release|Any CPU.ActiveCfg = Release|Any CPU
		{D6721DCF-7DBD-406D-889C-6C29D3597483}.Release|Any CPU.Build.0 = Release|Any CPU
		{401B2874-08D6-4DB1-8AA3-FEF97CBAA636}.Debug|Any CPU.ActiveCfg = Debug|Any CPU
		{401B2874-08D6-4DB1-8AA3-FEF97CBAA636}.Debug|Any CPU.Build.0 = Debug|Any CPU
		{401B2874-08D6-4DB1-8AA3-FEF97CBAA636}.Release|Any CPU.ActiveCfg = Release|Any CPU
		{401B2874-08D6-4DB1-8AA3-FEF97CBAA636}.Release|Any CPU.Build.0 = Release|Any CPU
		{A30C9D21-A591-4204-A28E-EB82101B3886}.Debug|Any CPU.ActiveCfg = Debug|Any CPU
		{A30C9D21-A591-4204-A28E-EB82101B3886}.Debug|Any CPU.Build.0 = Debug|Any CPU
		{A30C9D21-A591-4204-A28E-EB82101B3886}.Release|Any CPU.ActiveCfg = Release|Any CPU
		{A30C9D21-A591-4204-A28E-EB82101B3886}.Release|Any CPU.Build.0 = Release|Any CPU
		{FD22C9E1-273F-4753-9DF1-06D4EFD934DB}.Debug|Any CPU.ActiveCfg = Debug|Any CPU
		{FD22C9E1-273F-4753-9DF1-06D4EFD934DB}.Debug|Any CPU.Build.0 = Debug|Any CPU
		{FD22C9E1-273F-4753-9DF1-06D4EFD934DB}.Release|Any CPU.ActiveCfg = Release|Any CPU
		{FD22C9E1-273F-4753-9DF1-06D4EFD934DB}.Release|Any CPU.Build.0 = Release|Any CPU
		{99E6D677-AB4D-4646-9F7D-F21C9194BB6A}.Debug|Any CPU.ActiveCfg = Debug|Any CPU
		{99E6D677-AB4D-4646-9F7D-F21C9194BB6A}.Debug|Any CPU.Build.0 = Debug|Any CPU
		{99E6D677-AB4D-4646-9F7D-F21C9194BB6A}.Release|Any CPU.ActiveCfg = Release|Any CPU
		{99E6D677-AB4D-4646-9F7D-F21C9194BB6A}.Release|Any CPU.Build.0 = Release|Any CPU
		{5F58E0C7-CCF6-405B-B005-1399D0726F76}.Debug|Any CPU.ActiveCfg = Debug|Any CPU
		{5F58E0C7-CCF6-405B-B005-1399D0726F76}.Debug|Any CPU.Build.0 = Debug|Any CPU
		{5F58E0C7-CCF6-405B-B005-1399D0726F76}.Release|Any CPU.ActiveCfg = Release|Any CPU
		{5F58E0C7-CCF6-405B-B005-1399D0726F76}.Release|Any CPU.Build.0 = Release|Any CPU
		{8B495C86-4B73-4B92-935F-AFC0DEE4C63F}.Debug|Any CPU.ActiveCfg = Debug|Any CPU
		{8B495C86-4B73-4B92-935F-AFC0DEE4C63F}.Debug|Any CPU.Build.0 = Debug|Any CPU
		{8B495C86-4B73-4B92-935F-AFC0DEE4C63F}.Release|Any CPU.ActiveCfg = Release|Any CPU
		{8B495C86-4B73-4B92-935F-AFC0DEE4C63F}.Release|Any CPU.Build.0 = Release|Any CPU
	EndGlobalSection
	GlobalSection(SolutionProperties) = preSolution
		HideSolutionNode = FALSE
	EndGlobalSection
	GlobalSection(NestedProjects) = preSolution
		{4FF3640F-8EBC-497F-81B8-55225D50AEF6} = {3F416313-12BD-42DE-B752-8919C80ED3A5}
		{D6721DCF-7DBD-406D-889C-6C29D3597483} = {4FF3640F-8EBC-497F-81B8-55225D50AEF6}
		{F41F82C5-309C-4E88-A9B4-6F5499398EAE} = {3F416313-12BD-42DE-B752-8919C80ED3A5}
		{A30C9D21-A591-4204-A28E-EB82101B3886} = {F41F82C5-309C-4E88-A9B4-6F5499398EAE}
		{FD22C9E1-273F-4753-9DF1-06D4EFD934DB} = {F41F82C5-309C-4E88-A9B4-6F5499398EAE}
		{9264974D-24D5-4C43-95BA-3DE259CDD68F} = {3F416313-12BD-42DE-B752-8919C80ED3A5}
		{99E6D677-AB4D-4646-9F7D-F21C9194BB6A} = {9264974D-24D5-4C43-95BA-3DE259CDD68F}
		{5F58E0C7-CCF6-405B-B005-1399D0726F76} = {9264974D-24D5-4C43-95BA-3DE259CDD68F}
	EndGlobalSection
	GlobalSection(ExtensibilityGlobals) = postSolution
		SolutionGuid = {C9FBB646-4F14-4ECB-8681-0297B37DE4F4}
	EndGlobalSection
EndGlobal
